{
  "name": "muscular",
  "version": "0.0.1",
  "lockfileVersion": 1,
  "requires": true,
  "dependencies": {
    "balanced-match": {
      "version": "1.0.0",
      "resolved": "https://registry.npmjs.org/balanced-match/-/balanced-match-1.0.0.tgz",
      "integrity": "sha1-ibTRmasr7kneFk6gK4nORi1xt2c="
    },
    "bluebird": {
      "version": "3.5.5",
      "resolved": "https://registry.npmjs.org/bluebird/-/bluebird-3.5.5.tgz",
      "integrity": "sha512-5am6HnnfN+urzt4yfg7IgTbotDjIT/u8AJpEt0sIU9FtXfVeezXAPKswrG+xKUCOYAINpSdgZVDU6QFh+cuH3w=="
    },
    "brace-expansion": {
      "version": "1.1.11",
      "resolved": "https://registry.npmjs.org/brace-expansion/-/brace-expansion-1.1.11.tgz",
      "integrity": "sha512-iCuPHDFgrHX7H2vEI/5xpz07zSHB00TpugqhmYtVmMO6518mCuRMoOYFldEBl0g187ufozdaHgWKcYFb61qGiA==",
      "requires": {
        "balanced-match": "^1.0.0",
        "concat-map": "0.0.1"
      }
    },
    "commander": {
      "version": "3.0.0",
      "resolved": "https://registry.npmjs.org/commander/-/commander-3.0.0.tgz",
      "integrity": "sha512-pl3QrGOBa9RZaslQiqnnKX2J068wcQw7j9AIaBQ9/JEp5RY6je4jKTImg0Bd+rpoONSe7GUFSgkxLeo17m3Pow=="
    },
    "concat-map": {
      "version": "0.0.1",
      "resolved": "https://registry.npmjs.org/concat-map/-/concat-map-0.0.1.tgz",
      "integrity": "sha1-2Klr13/Wjfd5OnMDajug1UBdR3s="
    },
    "crypto-random-string": {
      "version": "1.0.0",
      "resolved": "https://registry.npmjs.org/crypto-random-string/-/crypto-random-string-1.0.0.tgz",
      "integrity": "sha1-ojD2T1aDEOFJgAmUB5DsmVRbyn4="
    },
    "err-code": {
      "version": "1.1.2",
      "resolved": "https://registry.npmjs.org/err-code/-/err-code-1.1.2.tgz",
      "integrity": "sha1-BuARbTAo9q70gGhJ6w6mp0iuaWA="
    },
    "extend": {
      "version": "3.0.2",
      "resolved": "https://registry.npmjs.org/extend/-/extend-3.0.2.tgz",
      "integrity": "sha512-fjquC59cD7CyW6urNXK0FBufkZcoiGG80wTuPujX590cB5Ttln20E2UB4S/WARVqhXffZl2LNgS+gQdPIIim/g=="
    },
    "file-js": {
      "version": "0.3.0",
      "resolved": "https://registry.npmjs.org/file-js/-/file-js-0.3.0.tgz",
      "integrity": "sha1-+rRr94I0bJKUSZ8fDSrQfYOPJdE=",
      "requires": {
        "bluebird": "^3.4.7",
        "minimatch": "^3.0.3",
        "proper-lockfile": "^1.2.0"
      }
    },
    "filehound": {
      "version": "1.17.3",
      "resolved": "https://registry.npmjs.org/filehound/-/filehound-1.17.3.tgz",
      "integrity": "sha512-xBgV3RtLU8JDLaS77etzeEeJa+M3mfpMZV1YJgpUAXeZx4OdUYml9eCeT8DFFDR5XyqbSt/npdJRDcLm7zuJLg==",
      "requires": {
        "bluebird": "^3.5.1",
        "file-js": "0.3.0",
        "lodash": "^4.17.10",
        "minimatch": "^3.0.4",
        "moment": "^2.22.1",
        "unit-compare": "^1.0.1"
      }
    },
    "get-stdin": {
      "version": "7.0.0",
      "resolved": "https://registry.npmjs.org/get-stdin/-/get-stdin-7.0.0.tgz",
      "integrity": "sha512-zRKcywvrXlXsA0v0i9Io4KDRaAw7+a1ZpjRwl9Wox8PFlVCCHra7E9c4kqXCoCM9nR5tBkaTTZRBoCm60bFqTQ=="
    },
    "graceful-fs": {
      "version": "4.2.2",
      "resolved": "https://registry.npmjs.org/graceful-fs/-/graceful-fs-4.2.2.tgz",
      "integrity": "sha512-IItsdsea19BoLC7ELy13q1iJFNmd7ofZH5+X/pJr90/nRoPEX0DJo1dHDbgtYWOhJhcCgMDTOw84RZ72q6lB+Q=="
    },
    "lodash": {
      "version": "4.17.15",
      "resolved": "https://registry.npmjs.org/lodash/-/lodash-4.17.15.tgz",
      "integrity": "sha512-8xOcRHvCjnocdS5cpwXQXVzmmh5e5+saE2QGoeQmbKmRS6J3VQppPOIt0MnmE+4xlZoumy0GPG0D0MVIQbNA1A=="
    },
    "minimatch": {
      "version": "3.0.4",
      "resolved": "https://registry.npmjs.org/minimatch/-/minimatch-3.0.4.tgz",
      "integrity": "sha512-yJHVQEhyqPLUTgt9B83PXu6W3rx4MvvHvSUvToogpwoGDOUQ+yDrR0HRot+yOCdCO7u4hX3pWft6kWBBcqh0UA==",
      "requires": {
        "brace-expansion": "^1.1.7"
      }
    },
    "moment": {
      "version": "2.24.0",
      "resolved": "https://registry.npmjs.org/moment/-/moment-2.24.0.tgz",
      "integrity": "sha512-bV7f+6l2QigeBBZSM/6yTNq4P2fNpSWj/0e7jQcy87A8e7o2nAfP/34/2ky5Vw4B9S446EtIhodAzkFCcR4dQg=="
    },
    "proper-lockfile": {
      "version": "1.2.0",
      "resolved": "https://registry.npmjs.org/proper-lockfile/-/proper-lockfile-1.2.0.tgz",
      "integrity": "sha1-zv9d2J0+XxD7deHo52vHWAGlnDQ=",
      "requires": {
        "err-code": "^1.0.0",
        "extend": "^3.0.0",
        "graceful-fs": "^4.1.2",
        "retry": "^0.10.0"
      }
    },
    "retry": {
      "version": "0.10.1",
      "resolved": "https://registry.npmjs.org/retry/-/retry-0.10.1.tgz",
      "integrity": "sha1-52OI0heZLCUnUCQdPTlW/tmNj/Q="
    },
    "temp-dir": {
      "version": "1.0.0",
      "resolved": "https://registry.npmjs.org/temp-dir/-/temp-dir-1.0.0.tgz",
      "integrity": "sha1-CnwOom06Oa+n4OvqnB/AvE2qAR0="
    },
    "tempy": {
      "version": "0.3.0",
      "resolved": "https://registry.npmjs.org/tempy/-/tempy-0.3.0.tgz",
      "integrity": "sha512-WrH/pui8YCwmeiAoxV+lpRH9HpRtgBhSR2ViBPgpGb/wnYDzp21R4MN45fsCGvLROvY67o3byhJRYRONJyImVQ==",
      "requires": {
        "temp-dir": "^1.0.0",
        "type-fest": "^0.3.1",
        "unique-string": "^1.0.0"
      }
    },
    "type-fest": {
      "version": "0.3.1",
      "resolved": "https://registry.npmjs.org/type-fest/-/type-fest-0.3.1.tgz",
      "integrity": "sha512-cUGJnCdr4STbePCgqNFbpVNCepa+kAVohJs1sLhxzdH+gnEoOd8VhbYa7pD3zZYGiURWM2xzEII3fQcRizDkYQ=="
    },
    "unique-string": {
      "version": "1.0.0",
      "resolved": "https://registry.npmjs.org/unique-string/-/unique-string-1.0.0.tgz",
      "integrity": "sha1-nhBXzKhRq7kzmPizOuGHuZyuwRo=",
      "requires": {
        "crypto-random-string": "^1.0.0"
      }
    },
    "unit-compare": {
      "version": "1.0.1",
      "resolved": "https://registry.npmjs.org/unit-compare/-/unit-compare-1.0.1.tgz",
      "integrity": "sha1-DHRZ8OW/U2N+qHPKPO4Y3i7so4Y=",
      "requires": {
        "moment": "^2.14.1"
      }
    }
  }
}
